// !$*UTF8*$!
{
	archiveVersion = 1;
	classes = {
	};
	objectVersion = 46;
	objects = {

/* Begin PBXBuildFile section */
		BF1CAB8717410F48007AF3E9 /* TimelineViewController.m in Sources */ = {isa = PBXBuildFile; fileRef = BF1CAB8617410F48007AF3E9 /* TimelineViewController.m */; };
		BF21E55217411D6A00B14B9D /* Icon.png in Resources */ = {isa = PBXBuildFile; fileRef = BF21E55117411D6A00B14B9D /* Icon.png */; };
		BF21E55417411E6600B14B9D /* Icon@2x.png in Resources */ = {isa = PBXBuildFile; fileRef = BF21E55317411E6600B14B9D /* Icon@2x.png */; };
		BF2FE3DF174138A7003297B0 /* WeiBoHttpManager.m in Sources */ = {isa = PBXBuildFile; fileRef = BF2FE3DE174138A7003297B0 /* WeiBoHttpManager.m */; };
		BF59E9431741336C001C0F0A /* OAuthWebViewController.m in Sources */ = {isa = PBXBuildFile; fileRef = BF59E9411741336C001C0F0A /* OAuthWebViewController.m */; };
		BF59E9441741336C001C0F0A /* OAuthWebViewController.xib in Resources */ = {isa = PBXBuildFile; fileRef = BF59E9421741336C001C0F0A /* OAuthWebViewController.xib */; };
		BF8C1CE5173FDE4200F3181E /* UIKit.framework in Frameworks */ = {isa = PBXBuildFile; fileRef = BF8C1CE4173FDE4200F3181E /* UIKit.framework */; };
		BF8C1CE7173FDE4200F3181E /* Foundation.framework in Frameworks */ = {isa = PBXBuildFile; fileRef = BF8C1CE6173FDE4200F3181E /* Foundation.framework */; };
		BF8C1CE9173FDE4200F3181E /* CoreGraphics.framework in Frameworks */ = {isa = PBXBuildFile; fileRef = BF8C1CE8173FDE4200F3181E /* CoreGraphics.framework */; };
		BF8C1CEF173FDE4200F3181E /* InfoPlist.strings in Resources */ = {isa = PBXBuildFile; fileRef = BF8C1CED173FDE4200F3181E /* InfoPlist.strings */; };
		BF8C1CF1173FDE4200F3181E /* main.m in Sources */ = {isa = PBXBuildFile; fileRef = BF8C1CF0173FDE4200F3181E /* main.m */; };
		BF8C1CF5173FDE4200F3181E /* AppDelegate.m in Sources */ = {isa = PBXBuildFile; fileRef = BF8C1CF4173FDE4200F3181E /* AppDelegate.m */; };
		BF8C1CF7173FDE4200F3181E /* Default.png in Resources */ = {isa = PBXBuildFile; fileRef = BF8C1CF6173FDE4200F3181E /* Default.png */; };
		BF8C1CF9173FDE4200F3181E /* Default@2x.png in Resources */ = {isa = PBXBuildFile; fileRef = BF8C1CF8173FDE4200F3181E /* Default@2x.png */; };
		BF8C1CFB173FDE4200F3181E /* Default-568h@2x.png in Resources */ = {isa = PBXBuildFile; fileRef = BF8C1CFA173FDE4200F3181E /* Default-568h@2x.png */; };
/* End PBXBuildFile section */

/* Begin PBXFileReference section */
		BF1CAB8517410F48007AF3E9 /* TimelineViewController.h */ = {isa = PBXFileReference; fileEncoding = 4; lastKnownFileType = sourcecode.c.h; path = TimelineViewController.h; sourceTree = "<group>"; };
		BF1CAB8617410F48007AF3E9 /* TimelineViewController.m */ = {isa = PBXFileReference; fileEncoding = 4; lastKnownFileType = sourcecode.c.objc; path = TimelineViewController.m; sourceTree = "<group>"; };
		BF21E55117411D6A00B14B9D /* Icon.png */ = {isa = PBXFileReference; lastKnownFileType = image.png; name = Icon.png; path = ../Icon.png; sourceTree = "<group>"; };
		BF21E55317411E6600B14B9D /* Icon@2x.png */ = {isa = PBXFileReference; lastKnownFileType = image.png; name = "Icon@2x.png"; path = "../Icon@2x.png"; sourceTree = "<group>"; };
		BF2FE3DD174138A7003297B0 /* WeiBoHttpManager.h */ = {isa = PBXFileReference; fileEncoding = 4; lastKnownFileType = sourcecode.c.h; path = WeiBoHttpManager.h; sourceTree = "<group>"; };
		BF2FE3DE174138A7003297B0 /* WeiBoHttpManager.m */ = {isa = PBXFileReference; fileEncoding = 4; lastKnownFileType = sourcecode.c.objc; path = WeiBoHttpManager.m; sourceTree = "<group>"; };
		BF59E93F17413149001C0F0A /* Constants.h */ = {isa = PBXFileReference; lastKnownFileType = sourcecode.c.h; path = Constants.h; sourceTree = "<group>"; };
		BF59E9401741336C001C0F0A /* OAuthWebViewController.h */ = {isa = PBXFileReference; fileEncoding = 4; lastKnownFileType = sourcecode.c.h; path = OAuthWebViewController.h; sourceTree = "<group>"; };
		BF59E9411741336C001C0F0A /* OAuthWebViewController.m */ = {isa = PBXFileReference; fileEncoding = 4; lastKnownFileType = sourcecode.c.objc; path = OAuthWebViewController.m; sourceTree = "<group>"; };
		BF59E9421741336C001C0F0A /* OAuthWebViewController.xib */ = {isa = PBXFileReference; fileEncoding = 4; lastKnownFileType = file.xib; path = OAuthWebViewController.xib; sourceTree = "<group>"; };
		BF8C1CE1173FDE4200F3181E /* Weibo.app */ = {isa = PBXFileReference; explicitFileType = wrapper.application; includeInIndex = 0; path = Weibo.app; sourceTree = BUILT_PRODUCTS_DIR; };
		BF8C1CE4173FDE4200F3181E /* UIKit.framework */ = {isa = PBXFileReference; lastKnownFileType = wrapper.framework; name = UIKit.framework; path = System/Library/Frameworks/UIKit.framework; sourceTree = SDKROOT; };
		BF8C1CE6173FDE4200F3181E /* Foundation.framework */ = {isa = PBXFileReference; lastKnownFileType = wrapper.framework; name = Foundation.framework; path = System/Library/Frameworks/Foundation.framework; sourceTree = SDKROOT; };
		BF8C1CE8173FDE4200F3181E /* CoreGraphics.framework */ = {isa = PBXFileReference; lastKnownFileType = wrapper.framework; name = CoreGraphics.framework; path = System/Library/Frameworks/CoreGraphics.framework; sourceTree = SDKROOT; };
		BF8C1CEC173FDE4200F3181E /* Weibo-Info.plist */ = {isa = PBXFileReference; lastKnownFileType = text.plist.xml; path = "Weibo-Info.plist"; sourceTree = "<group>"; };
		BF8C1CEE173FDE4200F3181E /* en */ = {isa = PBXFileReference; lastKnownFileType = text.plist.strings; name = en; path = en.lproj/InfoPlist.strings; sourceTree = "<group>"; };
		BF8C1CF0173FDE4200F3181E /* main.m */ = {isa = PBXFileReference; lastKnownFileType = sourcecode.c.objc; path = main.m; sourceTree = "<group>"; };
		BF8C1CF2173FDE4200F3181E /* Weibo-Prefix.pch */ = {isa = PBXFileReference; lastKnownFileType = sourcecode.c.h; path = "Weibo-Prefix.pch"; sourceTree = "<group>"; };
		BF8C1CF3173FDE4200F3181E /* AppDelegate.h */ = {isa = PBXFileReference; lastKnownFileType = sourcecode.c.h; path = AppDelegate.h; sourceTree = "<group>"; };
		BF8C1CF4173FDE4200F3181E /* AppDelegate.m */ = {isa = PBXFileReference; lastKnownFileType = sourcecode.c.objc; path = AppDelegate.m; sourceTree = "<group>"; };
		BF8C1CF6173FDE4200F3181E /* Default.png */ = {isa = PBXFileReference; lastKnownFileType = image.png; path = Default.png; sourceTree = "<group>"; };
		BF8C1CF8173FDE4200F3181E /* Default@2x.png */ = {isa = PBXFileReference; lastKnownFileType = image.png; path = "Default@2x.png"; sourceTree = "<group>"; };
		BF8C1CFA173FDE4200F3181E /* Default-568h@2x.png */ = {isa = PBXFileReference; lastKnownFileType = image.png; path = "Default-568h@2x.png"; sourceTree = "<group>"; };
		BF8C1D08173FE9C400F3181E /* StringUtil.h */ = {isa = PBXFileReference; lastKnownFileType = sourcecode.c.h; path = StringUtil.h; sourceTree = "<group>"; };
		BF8C1D09173FE9C400F3181E /* StringUtil.m */ = {isa = PBXFileReference; lastKnownFileType = sourcecode.c.objc; path = StringUtil.m; sourceTree = "<group>"; };
		BF8C1D0B173FE9F000F3181E /* ASIAuthenticationDialog.h */ = {isa = PBXFileReference; lastKnownFileType = sourcecode.c.h; path = ASIAuthenticationDialog.h; sourceTree = "<group>"; };
		BF8C1D0C173FE9F000F3181E /* ASIAuthenticationDialog.m */ = {isa = PBXFileReference; lastKnownFileType = sourcecode.c.objc; path = ASIAuthenticationDialog.m; sourceTree = "<group>"; };
		BF8C1D0D173FE9F000F3181E /* ASICacheDelegate.h */ = {isa = PBXFileReference; lastKnownFileType = sourcecode.c.h; path = ASICacheDelegate.h; sourceTree = "<group>"; };
		BF8C1D0E173FE9F000F3181E /* ASIDataCompressor.h */ = {isa = PBXFileReference; lastKnownFileType = sourcecode.c.h; path = ASIDataCompressor.h; sourceTree = "<group>"; };
		BF8C1D0F173FE9F000F3181E /* ASIDataCompressor.m */ = {isa = PBXFileReference; lastKnownFileType = sourcecode.c.objc; path = ASIDataCompressor.m; sourceTree = "<group>"; };
		BF8C1D10173FE9F000F3181E /* ASIDataDecompressor.h */ = {isa = PBXFileReference; lastKnownFileType = sourcecode.c.h; path = ASIDataDecompressor.h; sourceTree = "<group>"; };
		BF8C1D11173FE9F000F3181E /* ASIDataDecompressor.m */ = {isa = PBXFileReference; lastKnownFileType = sourcecode.c.objc; path = ASIDataDecompressor.m; sourceTree = "<group>"; };
		BF8C1D12173FE9F000F3181E /* ASIDownloadCache.h */ = {isa = PBXFileReference; lastKnownFileType = sourcecode.c.h; path = ASIDownloadCache.h; sourceTree = "<group>"; };
		BF8C1D13173FE9F000F3181E /* ASIDownloadCache.m */ = {isa = PBXFileReference; lastKnownFileType = sourcecode.c.objc; path = ASIDownloadCache.m; sourceTree = "<group>"; };
		BF8C1D14173FE9F000F3181E /* ASIFormDataRequest.h */ = {isa = PBXFileReference; lastKnownFileType = sourcecode.c.h; path = ASIFormDataRequest.h; sourceTree = "<group>"; };
		BF8C1D15173FE9F000F3181E /* ASIFormDataRequest.m */ = {isa = PBXFileReference; lastKnownFileType = sourcecode.c.objc; path = ASIFormDataRequest.m; sourceTree = "<group>"; };
		BF8C1D16173FE9F000F3181E /* ASIHTTPRequest.h */ = {isa = PBXFileReference; lastKnownFileType = sourcecode.c.h; path = ASIHTTPRequest.h; sourceTree = "<group>"; };
		BF8C1D17173FE9F000F3181E /* ASIHTTPRequest.m */ = {isa = PBXFileReference; lastKnownFileType = sourcecode.c.objc; path = ASIHTTPRequest.m; sourceTree = "<group>"; };
		BF8C1D18173FE9F000F3181E /* ASIHTTPRequestConfig.h */ = {isa = PBXFileReference; lastKnownFileType = sourcecode.c.h; path = ASIHTTPRequestConfig.h; sourceTree = "<group>"; };
		BF8C1D19173FE9F000F3181E /* ASIHTTPRequestDelegate.h */ = {isa = PBXFileReference; lastKnownFileType = sourcecode.c.h; path = ASIHTTPRequestDelegate.h; sourceTree = "<group>"; };
		BF8C1D1A173FE9F000F3181E /* ASIInputStream.h */ = {isa = PBXFileReference; lastKnownFileType = sourcecode.c.h; path = ASIInputStream.h; sourceTree = "<group>"; };
		BF8C1D1B173FE9F000F3181E /* ASIInputStream.m */ = {isa = PBXFileReference; lastKnownFileType = sourcecode.c.objc; path = ASIInputStream.m; sourceTree = "<group>"; };
		BF8C1D1C173FE9F000F3181E /* ASINetworkQueue.h */ = {isa = PBXFileReference; lastKnownFileType = sourcecode.c.h; path = ASINetworkQueue.h; sourceTree = "<group>"; };
		BF8C1D1D173FE9F000F3181E /* ASINetworkQueue.m */ = {isa = PBXFileReference; lastKnownFileType = sourcecode.c.objc; path = ASINetworkQueue.m; sourceTree = "<group>"; };
		BF8C1D1E173FE9F000F3181E /* ASIProgressDelegate.h */ = {isa = PBXFileReference; lastKnownFileType = sourcecode.c.h; path = ASIProgressDelegate.h; sourceTree = "<group>"; };
		BF8C1D20173FEA0B00F3181E /* Reachability.h */ = {isa = PBXFileReference; lastKnownFileType = sourcecode.c.h; path = Reachability.h; sourceTree = "<group>"; };
		BF8C1D21173FEA0B00F3181E /* Reachability.m */ = {isa = PBXFileReference; lastKnownFileType = sourcecode.c.objc; path = Reachability.m; sourceTree = "<group>"; };
		BF8C1D23173FEA2800F3181E /* NSDataAdditions.h */ = {isa = PBXFileReference; lastKnownFileType = sourcecode.c.h; path = NSDataAdditions.h; sourceTree = "<group>"; };
		BF8C1D24173FEA2800F3181E /* NSDataAdditions.m */ = {isa = PBXFileReference; lastKnownFileType = sourcecode.c.objc; path = NSDataAdditions.m; sourceTree = "<group>"; };
		BF8C1D25173FEA2800F3181E /* NSDictionaryAdditions.h */ = {isa = PBXFileReference; lastKnownFileType = sourcecode.c.h; path = NSDictionaryAdditions.h; sourceTree = "<group>"; };
		BF8C1D26173FEA2800F3181E /* NSDictionaryAdditions.m */ = {isa = PBXFileReference; lastKnownFileType = sourcecode.c.objc; path = NSDictionaryAdditions.m; sourceTree = "<group>"; };
		BF8C1D27173FEA2800F3181E /* NSStringAdditions.h */ = {isa = PBXFileReference; lastKnownFileType = sourcecode.c.h; path = NSStringAdditions.h; sourceTree = "<group>"; };
		BF8C1D28173FEA2800F3181E /* NSStringAdditions.m */ = {isa = PBXFileReference; lastKnownFileType = sourcecode.c.objc; path = NSStringAdditions.m; sourceTree = "<group>"; };
		BF8C1D2A173FEA4000F3181E /* JSON.h */ = {isa = PBXFileReference; lastKnownFileType = sourcecode.c.h; path = JSON.h; sourceTree = "<group>"; };
		BF8C1D2B173FEA4000F3181E /* NSObject+SBJSON.h */ = {isa = PBXFileReference; lastKnownFileType = sourcecode.c.h; path = "NSObject+SBJSON.h"; sourceTree = "<group>"; };
		BF8C1D2C173FEA4000F3181E /* NSObject+SBJSON.m */ = {isa = PBXFileReference; lastKnownFileType = sourcecode.c.objc; path = "NSObject+SBJSON.m"; sourceTree = "<group>"; };
		BF8C1D2D173FEA4000F3181E /* NSString+SBJSON.h */ = {isa = PBXFileReference; lastKnownFileType = sourcecode.c.h; path = "NSString+SBJSON.h"; sourceTree = "<group>"; };
		BF8C1D2E173FEA4000F3181E /* NSString+SBJSON.m */ = {isa = PBXFileReference; lastKnownFileType = sourcecode.c.objc; path = "NSString+SBJSON.m"; sourceTree = "<group>"; };
		BF8C1D2F173FEA4000F3181E /* SBJsonBase.h */ = {isa = PBXFileReference; lastKnownFileType = sourcecode.c.h; path = SBJsonBase.h; sourceTree = "<group>"; };
		BF8C1D30173FEA4000F3181E /* SBJsonBase.m */ = {isa = PBXFileReference; lastKnownFileType = sourcecode.c.objc; path = SBJsonBase.m; sourceTree = "<group>"; };
		BF8C1D31173FEA4000F3181E /* SBJsonParser.h */ = {isa = PBXFileReference; lastKnownFileType = sourcecode.c.h; path = SBJsonParser.h; sourceTree = "<group>"; };
		BF8C1D32173FEA4000F3181E /* SBJsonParser.m */ = {isa = PBXFileReference; lastKnownFileType = sourcecode.c.objc; path = SBJsonParser.m; sourceTree = "<group>"; };
		BF8C1D33173FEA4000F3181E /* SBJsonWriter.h */ = {isa = PBXFileReference; lastKnownFileType = sourcecode.c.h; path = SBJsonWriter.h; sourceTree = "<group>"; };
		BF8C1D34173FEA4000F3181E /* SBJsonWriter.m */ = {isa = PBXFileReference; lastKnownFileType = sourcecode.c.objc; path = SBJsonWriter.m; sourceTree = "<group>"; };
/* End PBXFileReference section */

/* Begin PBXFrameworksBuildPhase section */
		BF8C1CDE173FDE4200F3181E /* Frameworks */ = {
			isa = PBXFrameworksBuildPhase;
			buildActionMask = 2147483647;
			files = (
				BF8C1CE5173FDE4200F3181E /* UIKit.framework in Frameworks */,
				BF8C1CE7173FDE4200F3181E /* Foundation.framework in Frameworks */,
				BF8C1CE9173FDE4200F3181E /* CoreGraphics.framework in Frameworks */,
			);
			runOnlyForDeploymentPostprocessing = 0;
		};
/* End PBXFrameworksBuildPhase section */

/* Begin PBXGroup section */
		BF8C1CD8173FDE4200F3181E = {
			isa = PBXGroup;
			children = (
				BF2FE3DD174138A7003297B0 /* WeiBoHttpManager.h */,
				BF2FE3DE174138A7003297B0 /* WeiBoHttpManager.m */,
				BF59E93F17413149001C0F0A /* Constants.h */,
				BF8C1D07173FE9AC00F3181E /* WeiboEngine */,
				BF8C1D06173FDF7400F3181E /* ViewController */,
				BF8C1CEA173FDE4200F3181E /* Weibo */,
				BF8C1CE3173FDE4200F3181E /* Frameworks */,
				BF8C1CE2173FDE4200F3181E /* Products */,
			);
			sourceTree = "<group>";
		};
		BF8C1CE2173FDE4200F3181E /* Products */ = {
			isa = PBXGroup;
			children = (
				BF8C1CE1173FDE4200F3181E /* Weibo.app */,
			);
			name = Products;
			sourceTree = "<group>";
		};
		BF8C1CE3173FDE4200F3181E /* Frameworks */ = {
			isa = PBXGroup;
			children = (
				BF8C1CE4173FDE4200F3181E /* UIKit.framework */,
				BF8C1CE6173FDE4200F3181E /* Foundation.framework */,
				BF8C1CE8173FDE4200F3181E /* CoreGraphics.framework */,
			);
			name = Frameworks;
			sourceTree = "<group>";
		};
		BF8C1CEA173FDE4200F3181E /* Weibo */ = {
			isa = PBXGroup;
			children = (
				BF8C1CF3173FDE4200F3181E /* AppDelegate.h */,
				BF8C1CF4173FDE4200F3181E /* AppDelegate.m */,
				BF8C1CEB173FDE4200F3181E /* Supporting Files */,
			);
			path = Weibo;
			sourceTree = "<group>";
		};
		BF8C1CEB173FDE4200F3181E /* Supporting Files */ = {
			isa = PBXGroup;
			children = (
				BF21E55317411E6600B14B9D /* Icon@2x.png */,
				BF21E55117411D6A00B14B9D /* Icon.png */,
				BF8C1CEC173FDE4200F3181E /* Weibo-Info.plist */,
				BF8C1CED173FDE4200F3181E /* InfoPlist.strings */,
				BF8C1CF0173FDE4200F3181E /* main.m */,
				BF8C1CF2173FDE4200F3181E /* Weibo-Prefix.pch */,
				BF8C1CF6173FDE4200F3181E /* Default.png */,
				BF8C1CF8173FDE4200F3181E /* Default@2x.png */,
				BF8C1CFA173FDE4200F3181E /* Default-568h@2x.png */,
			);
			name = "Supporting Files";
			sourceTree = "<group>";
		};
		BF8C1D06173FDF7400F3181E /* ViewController */ = {
			isa = PBXGroup;
			children = (
				BF1CAB8517410F48007AF3E9 /* TimelineViewController.h */,
				BF1CAB8617410F48007AF3E9 /* TimelineViewController.m */,
				BF59E9401741336C001C0F0A /* OAuthWebViewController.h */,
				BF59E9411741336C001C0F0A /* OAuthWebViewController.m */,
				BF59E9421741336C001C0F0A /* OAuthWebViewController.xib */,
			);
			name = ViewController;
			sourceTree = "<group>";
		};
		BF8C1D07173FE9AC00F3181E /* WeiboEngine */ = {
			isa = PBXGroup;
			children = (
				BF8C1D29173FEA3400F3181E /* SBJson */,
				BF8C1D22173FEA1F00F3181E /* Additions */,
				BF8C1D0A173FE9DC00F3181E /* ASIHttpRequest */,
				BF8C1D08173FE9C400F3181E /* StringUtil.h */,
				BF8C1D09173FE9C400F3181E /* StringUtil.m */,
			);
			name = WeiboEngine;
			sourceTree = "<group>";
		};
		BF8C1D0A173FE9DC00F3181E /* ASIHttpRequest */ = {
			isa = PBXGroup;
			children = (
				BF8C1D1F173FE9FF00F3181E /* Reachability */,
				BF8C1D0B173FE9F000F3181E /* ASIAuthenticationDialog.h */,
				BF8C1D0C173FE9F000F3181E /* ASIAuthenticationDialog.m */,
				BF8C1D0D173FE9F000F3181E /* ASICacheDelegate.h */,
				BF8C1D0E173FE9F000F3181E /* ASIDataCompressor.h */,
				BF8C1D0F173FE9F000F3181E /* ASIDataCompressor.m */,
				BF8C1D10173FE9F000F3181E /* ASIDataDecompressor.h */,
				BF8C1D11173FE9F000F3181E /* ASIDataDecompressor.m */,
				BF8C1D12173FE9F000F3181E /* ASIDownloadCache.h */,
				BF8C1D13173FE9F000F3181E /* ASIDownloadCache.m */,
				BF8C1D14173FE9F000F3181E /* ASIFormDataRequest.h */,
				BF8C1D15173FE9F000F3181E /* ASIFormDataRequest.m */,
				BF8C1D16173FE9F000F3181E /* ASIHTTPRequest.h */,
				BF8C1D17173FE9F000F3181E /* ASIHTTPRequest.m */,
				BF8C1D18173FE9F000F3181E /* ASIHTTPRequestConfig.h */,
				BF8C1D19173FE9F000F3181E /* ASIHTTPRequestDelegate.h */,
				BF8C1D1A173FE9F000F3181E /* ASIInputStream.h */,
				BF8C1D1B173FE9F000F3181E /* ASIInputStream.m */,
				BF8C1D1C173FE9F000F3181E /* ASINetworkQueue.h */,
				BF8C1D1D173FE9F000F3181E /* ASINetworkQueue.m */,
				BF8C1D1E173FE9F000F3181E /* ASIProgressDelegate.h */,
			);
			name = ASIHttpRequest;
			sourceTree = "<group>";
		};
		BF8C1D1F173FE9FF00F3181E /* Reachability */ = {
			isa = PBXGroup;
			children = (
				BF8C1D20173FEA0B00F3181E /* Reachability.h */,
				BF8C1D21173FEA0B00F3181E /* Reachability.m */,
			);
			name = Reachability;
			sourceTree = "<group>";
		};
		BF8C1D22173FEA1F00F3181E /* Additions */ = {
			isa = PBXGroup;
			children = (
				BF8C1D23173FEA2800F3181E /* NSDataAdditions.h */,
				BF8C1D24173FEA2800F3181E /* NSDataAdditions.m */,
				BF8C1D25173FEA2800F3181E /* NSDictionaryAdditions.h */,
				BF8C1D26173FEA2800F3181E /* NSDictionaryAdditions.m */,
				BF8C1D27173FEA2800F3181E /* NSStringAdditions.h */,
				BF8C1D28173FEA2800F3181E /* NSStringAdditions.m */,
			);
			name = Additions;
			sourceTree = "<group>";
		};
		BF8C1D29173FEA3400F3181E /* SBJson */ = {
			isa = PBXGroup;
			children = (
				BF8C1D2A173FEA4000F3181E /* JSON.h */,
				BF8C1D2B173FEA4000F3181E /* NSObject+SBJSON.h */,
				BF8C1D2C173FEA4000F3181E /* NSObject+SBJSON.m */,
				BF8C1D2D173FEA4000F3181E /* NSString+SBJSON.h */,
				BF8C1D2E173FEA4000F3181E /* NSString+SBJSON.m */,
				BF8C1D2F173FEA4000F3181E /* SBJsonBase.h */,
				BF8C1D30173FEA4000F3181E /* SBJsonBase.m */,
				BF8C1D31173FEA4000F3181E /* SBJsonParser.h */,
				BF8C1D32173FEA4000F3181E /* SBJsonParser.m */,
				BF8C1D33173FEA4000F3181E /* SBJsonWriter.h */,
				BF8C1D34173FEA4000F3181E /* SBJsonWriter.m */,
			);
			name = SBJson;
			sourceTree = "<group>";
		};
/* End PBXGroup section */

/* Begin PBXNativeTarget section */
		BF8C1CE0173FDE4200F3181E /* Weibo */ = {
			isa = PBXNativeTarget;
			buildConfigurationList = BF8C1CFE173FDE4200F3181E /* Build configuration list for PBXNativeTarget "Weibo" */;
			buildPhases = (
				BF8C1CDD173FDE4200F3181E /* Sources */,
				BF8C1CDE173FDE4200F3181E /* Frameworks */,
				BF8C1CDF173FDE4200F3181E /* Resources */,
			);
			buildRules = (
			);
			dependencies = (
			);
			name = Weibo;
			productName = Weibo;
			productReference = BF8C1CE1173FDE4200F3181E /* Weibo.app */;
			productType = "com.apple.product-type.application";
		};
/* End PBXNativeTarget section */

/* Begin PBXProject section */
		BF8C1CD9173FDE4200F3181E /* Project object */ = {
			isa = PBXProject;
			attributes = {
				LastUpgradeCheck = 0460;
				ORGANIZATIONNAME = super;
			};
			buildConfigurationList = BF8C1CDC173FDE4200F3181E /* Build configuration list for PBXProject "Weibo" */;
			compatibilityVersion = "Xcode 3.2";
			developmentRegion = English;
			hasScannedForEncodings = 0;
			knownRegions = (
				en,
			);
			mainGroup = BF8C1CD8173FDE4200F3181E;
			productRefGroup = BF8C1CE2173FDE4200F3181E /* Products */;
			projectDirPath = "";
			projectRoot = "";
			targets = (
				BF8C1CE0173FDE4200F3181E /* Weibo */,
			);
		};
/* End PBXProject section */

/* Begin PBXResourcesBuildPhase section */
		BF8C1CDF173FDE4200F3181E /* Resources */ = {
			isa = PBXResourcesBuildPhase;
			buildActionMask = 2147483647;
			files = (
				BF8C1CEF173FDE4200F3181E /* InfoPlist.strings in Resources */,
				BF8C1CF7173FDE4200F3181E /* Default.png in Resources */,
				BF8C1CF9173FDE4200F3181E /* Default@2x.png in Resources */,
				BF8C1CFB173FDE4200F3181E /* Default-568h@2x.png in Resources */,
				BF21E55217411D6A00B14B9D /* Icon.png in Resources */,
				BF21E55417411E6600B14B9D /* Icon@2x.png in Resources */,
				BF59E9441741336C001C0F0A /* OAuthWebViewController.xib in Resources */,
			);
			runOnlyForDeploymentPostprocessing = 0;
		};
/* End PBXResourcesBuildPhase section */

/* Begin PBXSourcesBuildPhase section */
		BF8C1CDD173FDE4200F3181E /* Sources */ = {
			isa = PBXSourcesBuildPhase;
			buildActionMask = 2147483647;
			files = (
				BF8C1CF1173FDE4200F3181E /* main.m in Sources */,
				BF8C1CF5173FDE4200F3181E /* AppDelegate.m in Sources */,
				BF1CAB8717410F48007AF3E9 /* TimelineViewController.m in Sources */,
				BF59E9431741336C001C0F0A /* OAuthWebViewController.m in Sources */,
				BF2FE3DF174138A7003297B0 /* WeiBoHttpManager.m in Sources */,
			);
			runOnlyForDeploymentPostprocessing = 0;
		};
/* End PBXSourcesBuildPhase section */

/* Begin PBXVariantGroup section */
		BF8C1CED173FDE4200F3181E /* InfoPlist.strings */ = {
			isa = PBXVariantGroup;
			children = (
				BF8C1CEE173FDE4200F3181E /* en */,
			);
			name = InfoPlist.strings;
			sourceTree = "<group>";
		};
/* End PBXVariantGroup section */

/* Begin XCBuildConfiguration section */
		BF8C1CFC173FDE4200F3181E /* Debug */ = {
			isa = XCBuildConfiguration;
			buildSettings = {
				ALWAYS_SEARCH_USER_PATHS = NO;
				CLANG_CXX_LANGUAGE_STANDARD = "gnu++0x";
				CLANG_CXX_LIBRARY = "libc++";
				CLANG_WARN_CONSTANT_CONVERSION = YES;
				CLANG_WARN_EMPTY_BODY = YES;
				CLANG_WARN_ENUM_CONVERSION = YES;
				CLANG_WARN_INT_CONVERSION = YES;
				CLANG_WARN__DUPLICATE_METHOD_MATCH = YES;
				"CODE_SIGN_IDENTITY[sdk=iphoneos*]" = "iPhone Developer";
				COPY_PHASE_STRIP = NO;
				GCC_C_LANGUAGE_STANDARD = gnu99;
				GCC_DYNAMIC_NO_PIC = NO;
				GCC_OPTIMIZATION_LEVEL = 0;
				GCC_PREPROCESSOR_DEFINITIONS = (
					"DEBUG=1",
					"$(inherited)",
				);
				GCC_SYMBOLS_PRIVATE_EXTERN = NO;
				GCC_WARN_ABOUT_RETURN_TYPE = YES;
				GCC_WARN_UNINITIALIZED_AUTOS = YES;
				GCC_WARN_UNUSED_VARIABLE = YES;
				IPHONEOS_DEPLOYMENT_TARGET = 6.1;
				ONLY_ACTIVE_ARCH = YES;
				SDKROOT = iphoneos;
			};
			name = Debug;
		};
		BF8C1CFD173FDE4200F3181E /* Release */ = {
			isa = XCBuildConfiguration;
			buildSettings = {
				ALWAYS_SEARCH_USER_PATHS = NO;
				CLANG_CXX_LANGUAGE_STANDARD = "gnu++0x";
				CLANG_CXX_LIBRARY = "libc++";
				CLANG_WARN_CONSTANT_CONVERSION = YES;
				CLANG_WARN_EMPTY_BODY = YES;
				CLANG_WARN_ENUM_CONVERSION = YES;
				CLANG_WARN_INT_CONVERSION = YES;
				CLANG_WARN__DUPLICATE_METHOD_MATCH = YES;
				"CODE_SIGN_IDENTITY[sdk=iphoneos*]" = "iPhone Developer";
				COPY_PHASE_STRIP = YES;
				GCC_C_LANGUAGE_STANDARD = gnu99;
				GCC_WARN_ABOUT_RETURN_TYPE = YES;
				GCC_WARN_UNINITIALIZED_AUTOS = YES;
				GCC_WARN_UNUSED_VARIABLE = YES;
				IPHONEOS_DEPLOYMENT_TARGET = 6.1;
				OTHER_CFLAGS = "-DNS_BLOCK_ASSERTIONS=1";
				SDKROOT = iphoneos;
				VALIDATE_PRODUCT = YES;
			};
			name = Release;
		};
		BF8C1CFF173FDE4200F3181E /* Debug */ = {
			isa = XCBuildConfiguration;
			buildSettings = {
				GCC_PRECOMPILE_PREFIX_HEADER = YES;
				GCC_PREFIX_HEADER = "Weibo/Weibo-Prefix.pch";
				INFOPLIST_FILE = "Weibo/Weibo-Info.plist";
				PRODUCT_NAME = "$(TARGET_NAME)";
				WRAPPER_EXTENSION = app;
			};
			name = Debug;
		};
		BF8C1D00173FDE4200F3181E /* Release */ = {
			isa = XCBuildConfiguration;
			buildSettings = {
				GCC_PRECOMPILE_PREFIX_HEADER = YES;
				GCC_PREFIX_HEADER = "Weibo/Weibo-Prefix.pch";
				INFOPLIST_FILE = "Weibo/Weibo-Info.plist";
				PRODUCT_NAME = "$(TARGET_NAME)";
				WRAPPER_EXTENSION = app;
			};
			name = Release;
		};
/* End XCBuildConfiguration section */

/* Begin XCConfigurationList section */
		BF8C1CDC173FDE4200F3181E /* Build configuration list for PBXProject "Weibo" */ = {
			isa = XCConfigurationList;
			buildConfigurations = (
				BF8C1CFC173FDE4200F3181E /* Debug */,
				BF8C1CFD173FDE4200F3181E /* Release */,
			);
			defaultConfigurationIsVisible = 0;
			defaultConfigurationName = Release;
		};
		BF8C1CFE173FDE4200F3181E /* Build configuration list for PBXNativeTarget "Weibo" */ = {
			isa = XCConfigurationList;
			buildConfigurations = (
				BF8C1CFF173FDE4200F3181E /* Debug */,
				BF8C1D00173FDE4200F3181E /* Release */,
			);
			defaultConfigurationIsVisible = 0;
			defaultConfigurationName = Release;
		};
/* End XCConfigurationList section */
	};
	rootObject = BF8C1CD9173FDE4200F3181E /* Project object */;
}
