// !$*UTF8*$!
{
	archiveVersion = 1;
	classes = {
	};
	objectVersion = 46;
	objects = {

/* Begin PBXBuildFile section */
		BF151B701750BD0000EEB9DE /* StatusCell.m in Sources */ = {isa = PBXBuildFile; fileRef = BF151B6F1750BD0000EEB9DE /* StatusCell.m */; };
		BF151B741751182000EEB9DE /* block_center_background.png in Resources */ = {isa = PBXBuildFile; fileRef = BF151B731751182000EEB9DE /* block_center_background.png */; };
		BF151B7617511ABC00EEB9DE /* StatusCell.xib in Resources */ = {isa = PBXBuildFile; fileRef = BF151B7517511ABC00EEB9DE /* StatusCell.xib */; };
		BF1CAB8717410F48007AF3E9 /* TimelineViewController.m in Sources */ = {isa = PBXBuildFile; fileRef = BF1CAB8617410F48007AF3E9 /* TimelineViewController.m */; };
		BF21E55217411D6A00B14B9D /* Icon.png in Resources */ = {isa = PBXBuildFile; fileRef = BF21E55117411D6A00B14B9D /* Icon.png */; };
		BF21E55417411E6600B14B9D /* Icon@2x.png in Resources */ = {isa = PBXBuildFile; fileRef = BF21E55317411E6600B14B9D /* Icon@2x.png */; };
		BF2FE3DF174138A7003297B0 /* WeiBoHttpManager.m in Sources */ = {isa = PBXBuildFile; fileRef = BF2FE3DE174138A7003297B0 /* WeiBoHttpManager.m */; };
		BF3069F7176239F700035150 /* timeline_rt_border_t.png in Resources */ = {isa = PBXBuildFile; fileRef = BF3069F6176239F700035150 /* timeline_rt_border_t.png */; };
		BF30E9D5174D001A00034FD9 /* Status.m in Sources */ = {isa = PBXBuildFile; fileRef = BF30E9D4174D001A00034FD9 /* Status.m */; };
		BF3D9C76175127A2001F4F5D /* thumb_avatar.png in Resources */ = {isa = PBXBuildFile; fileRef = BF3D9C75175127A2001F4F5D /* thumb_avatar.png */; };
		BF3D9C781751295C001F4F5D /* block_foot_background.png in Resources */ = {isa = PBXBuildFile; fileRef = BF3D9C771751295C001F4F5D /* block_foot_background.png */; };
		BF3F1FD11760C022004413D9 /* ImageRecord.m in Sources */ = {isa = PBXBuildFile; fileRef = BF3F1FD01760C022004413D9 /* ImageRecord.m */; };
		BF3F1FD41760C3C8004413D9 /* ImageDownload.m in Sources */ = {isa = PBXBuildFile; fileRef = BF3F1FD31760C3C8004413D9 /* ImageDownload.m */; };
		BF3F1FD71760CBAE004413D9 /* PendingImageQueue.m in Sources */ = {isa = PBXBuildFile; fileRef = BF3F1FD61760CBAE004413D9 /* PendingImageQueue.m */; };
		BF59E9431741336C001C0F0A /* OAuthWebViewController.m in Sources */ = {isa = PBXBuildFile; fileRef = BF59E9411741336C001C0F0A /* OAuthWebViewController.m */; };
		BF59E9441741336C001C0F0A /* OAuthWebViewController.xib in Resources */ = {isa = PBXBuildFile; fileRef = BF59E9421741336C001C0F0A /* OAuthWebViewController.xib */; };
		BF897C4017519C38004D387A /* main_background.png in Resources */ = {isa = PBXBuildFile; fileRef = BF897C3F17519C38004D387A /* main_background.png */; };
		BF897C4217523400004D387A /* icon_tag.png in Resources */ = {isa = PBXBuildFile; fileRef = BF897C4117523400004D387A /* icon_tag.png */; };
		BF8C1CE5173FDE4200F3181E /* UIKit.framework in Frameworks */ = {isa = PBXBuildFile; fileRef = BF8C1CE4173FDE4200F3181E /* UIKit.framework */; };
		BF8C1CE7173FDE4200F3181E /* Foundation.framework in Frameworks */ = {isa = PBXBuildFile; fileRef = BF8C1CE6173FDE4200F3181E /* Foundation.framework */; };
		BF8C1CE9173FDE4200F3181E /* CoreGraphics.framework in Frameworks */ = {isa = PBXBuildFile; fileRef = BF8C1CE8173FDE4200F3181E /* CoreGraphics.framework */; };
		BF8C1CEF173FDE4200F3181E /* InfoPlist.strings in Resources */ = {isa = PBXBuildFile; fileRef = BF8C1CED173FDE4200F3181E /* InfoPlist.strings */; };
		BF8C1CF1173FDE4200F3181E /* main.m in Sources */ = {isa = PBXBuildFile; fileRef = BF8C1CF0173FDE4200F3181E /* main.m */; };
		BF8C1CF5173FDE4200F3181E /* AppDelegate.m in Sources */ = {isa = PBXBuildFile; fileRef = BF8C1CF4173FDE4200F3181E /* AppDelegate.m */; };
		BF8C1CF7173FDE4200F3181E /* Default.png in Resources */ = {isa = PBXBuildFile; fileRef = BF8C1CF6173FDE4200F3181E /* Default.png */; };
		BF8C1CF9173FDE4200F3181E /* Default@2x.png in Resources */ = {isa = PBXBuildFile; fileRef = BF8C1CF8173FDE4200F3181E /* Default@2x.png */; };
		BF8C1CFB173FDE4200F3181E /* Default-568h@2x.png in Resources */ = {isa = PBXBuildFile; fileRef = BF8C1CFA173FDE4200F3181E /* Default-568h@2x.png */; };
		BF8D834D1753C54200C873D2 /* txt in Resources */ = {isa = PBXBuildFile; fileRef = BF8D834C1753C54200C873D2 /* txt */; };
		BFCA26FA174A80170060C0ED /* SBJsonBase.h in Sources */ = {isa = PBXBuildFile; fileRef = BF8C1D2F173FEA4000F3181E /* SBJsonBase.h */; };
		BFCA26FB174A80170060C0ED /* SBJsonParser.h in Sources */ = {isa = PBXBuildFile; fileRef = BF8C1D31173FEA4000F3181E /* SBJsonParser.h */; };
		BFCA26FC174A80170060C0ED /* SBJsonWriter.h in Sources */ = {isa = PBXBuildFile; fileRef = BF8C1D33173FEA4000F3181E /* SBJsonWriter.h */; };
		BFCA26FD174A80290060C0ED /* JSON.h in Sources */ = {isa = PBXBuildFile; fileRef = BF8C1D2A173FEA4000F3181E /* JSON.h */; };
		BFCA26FE174A80290060C0ED /* NSObject+SBJSON.h in Sources */ = {isa = PBXBuildFile; fileRef = BF8C1D2B173FEA4000F3181E /* NSObject+SBJSON.h */; };
		BFCA26FF174A80290060C0ED /* NSObject+SBJSON.m in Sources */ = {isa = PBXBuildFile; fileRef = BF8C1D2C173FEA4000F3181E /* NSObject+SBJSON.m */; };
		BFCA2700174A80290060C0ED /* NSString+SBJSON.h in Sources */ = {isa = PBXBuildFile; fileRef = BF8C1D2D173FEA4000F3181E /* NSString+SBJSON.h */; };
		BFCA2701174A80290060C0ED /* NSString+SBJSON.m in Sources */ = {isa = PBXBuildFile; fileRef = BF8C1D2E173FEA4000F3181E /* NSString+SBJSON.m */; };
		BFCA2702174A80290060C0ED /* SBJsonBase.m in Sources */ = {isa = PBXBuildFile; fileRef = BF8C1D30173FEA4000F3181E /* SBJsonBase.m */; };
		BFCA2703174A80290060C0ED /* SBJsonParser.m in Sources */ = {isa = PBXBuildFile; fileRef = BF8C1D32173FEA4000F3181E /* SBJsonParser.m */; };
		BFCA2704174A80290060C0ED /* SBJsonWriter.m in Sources */ = {isa = PBXBuildFile; fileRef = BF8C1D34173FEA4000F3181E /* SBJsonWriter.m */; };
		BFD2EB6C174299AB00C51FEA /* CFNetwork.framework in Frameworks */ = {isa = PBXBuildFile; fileRef = BFD2EB6B174299AB00C51FEA /* CFNetwork.framework */; };
		BFD2EB7017429AA100C51FEA /* QuartzCore.framework in Frameworks */ = {isa = PBXBuildFile; fileRef = BFD2EB6F17429AA100C51FEA /* QuartzCore.framework */; };
		BFD2EB7217429AB100C51FEA /* libicucore.dylib in Frameworks */ = {isa = PBXBuildFile; fileRef = BFD2EB7117429AB100C51FEA /* libicucore.dylib */; };
		BFD2EB7417429ACB00C51FEA /* libsqlite3.dylib in Frameworks */ = {isa = PBXBuildFile; fileRef = BFD2EB7317429ACB00C51FEA /* libsqlite3.dylib */; };
		BFD2EB7617429ADC00C51FEA /* MessageUI.framework in Frameworks */ = {isa = PBXBuildFile; fileRef = BFD2EB7517429ADC00C51FEA /* MessageUI.framework */; };
		BFD2EB7817429AEE00C51FEA /* SystemConfiguration.framework in Frameworks */ = {isa = PBXBuildFile; fileRef = BFD2EB7717429AEE00C51FEA /* SystemConfiguration.framework */; };
		BFD2EB7A17429AFB00C51FEA /* Security.framework in Frameworks */ = {isa = PBXBuildFile; fileRef = BFD2EB7917429AFB00C51FEA /* Security.framework */; };
		BFD2EB7C17429B0600C51FEA /* MobileCoreServices.framework in Frameworks */ = {isa = PBXBuildFile; fileRef = BFD2EB7B17429B0600C51FEA /* MobileCoreServices.framework */; };
		BFD2EB7E17429B2900C51FEA /* libz.dylib in Frameworks */ = {isa = PBXBuildFile; fileRef = BFD2EB7D17429B2900C51FEA /* libz.dylib */; };
		BFD2EB7F17429C1500C51FEA /* Reachability.h in Sources */ = {isa = PBXBuildFile; fileRef = BF8C1D20173FEA0B00F3181E /* Reachability.h */; };
		BFD2EB8017429C1500C51FEA /* Reachability.m in Sources */ = {isa = PBXBuildFile; fileRef = BF8C1D21173FEA0B00F3181E /* Reachability.m */; };
		BFD2EB8117429C1500C51FEA /* ASIAuthenticationDialog.h in Sources */ = {isa = PBXBuildFile; fileRef = BF8C1D0B173FE9F000F3181E /* ASIAuthenticationDialog.h */; };
		BFD2EB8217429C1500C51FEA /* ASIAuthenticationDialog.m in Sources */ = {isa = PBXBuildFile; fileRef = BF8C1D0C173FE9F000F3181E /* ASIAuthenticationDialog.m */; };
		BFD2EB8317429C1500C51FEA /* ASICacheDelegate.h in Sources */ = {isa = PBXBuildFile; fileRef = BF8C1D0D173FE9F000F3181E /* ASICacheDelegate.h */; };
		BFD2EB8417429C1500C51FEA /* ASIDataCompressor.h in Sources */ = {isa = PBXBuildFile; fileRef = BF8C1D0E173FE9F000F3181E /* ASIDataCompressor.h */; };
		BFD2EB8517429C1500C51FEA /* ASIDataCompressor.m in Sources */ = {isa = PBXBuildFile; fileRef = BF8C1D0F173FE9F000F3181E /* ASIDataCompressor.m */; };
		BFD2EB8617429C1500C51FEA /* ASIDataDecompressor.h in Sources */ = {isa = PBXBuildFile; fileRef = BF8C1D10173FE9F000F3181E /* ASIDataDecompressor.h */; };
		BFD2EB8717429C1500C51FEA /* ASIDataDecompressor.m in Sources */ = {isa = PBXBuildFile; fileRef = BF8C1D11173FE9F000F3181E /* ASIDataDecompressor.m */; };
		BFD2EB8817429C1500C51FEA /* ASIDownloadCache.h in Sources */ = {isa = PBXBuildFile; fileRef = BF8C1D12173FE9F000F3181E /* ASIDownloadCache.h */; };
		BFD2EB8917429C1500C51FEA /* ASIDownloadCache.m in Sources */ = {isa = PBXBuildFile; fileRef = BF8C1D13173FE9F000F3181E /* ASIDownloadCache.m */; };
		BFD2EB8A17429C1500C51FEA /* ASIFormDataRequest.h in Sources */ = {isa = PBXBuildFile; fileRef = BF8C1D14173FE9F000F3181E /* ASIFormDataRequest.h */; };
		BFD2EB8B17429C1500C51FEA /* ASIFormDataRequest.m in Sources */ = {isa = PBXBuildFile; fileRef = BF8C1D15173FE9F000F3181E /* ASIFormDataRequest.m */; };
		BFD2EB8C17429C1500C51FEA /* ASIHTTPRequest.h in Sources */ = {isa = PBXBuildFile; fileRef = BF8C1D16173FE9F000F3181E /* ASIHTTPRequest.h */; };
		BFD2EB8D17429C1500C51FEA /* ASIHTTPRequest.m in Sources */ = {isa = PBXBuildFile; fileRef = BF8C1D17173FE9F000F3181E /* ASIHTTPRequest.m */; };
		BFD2EB8E17429C1500C51FEA /* ASIHTTPRequestConfig.h in Sources */ = {isa = PBXBuildFile; fileRef = BF8C1D18173FE9F000F3181E /* ASIHTTPRequestConfig.h */; };
		BFD2EB8F17429C1500C51FEA /* ASIHTTPRequestDelegate.h in Sources */ = {isa = PBXBuildFile; fileRef = BF8C1D19173FE9F000F3181E /* ASIHTTPRequestDelegate.h */; };
		BFD2EB9017429C1500C51FEA /* ASIInputStream.h in Sources */ = {isa = PBXBuildFile; fileRef = BF8C1D1A173FE9F000F3181E /* ASIInputStream.h */; };
		BFD2EB9117429C1500C51FEA /* ASIInputStream.m in Sources */ = {isa = PBXBuildFile; fileRef = BF8C1D1B173FE9F000F3181E /* ASIInputStream.m */; };
		BFD2EB9217429C1500C51FEA /* ASINetworkQueue.h in Sources */ = {isa = PBXBuildFile; fileRef = BF8C1D1C173FE9F000F3181E /* ASINetworkQueue.h */; };
		BFD2EB9317429C1500C51FEA /* ASINetworkQueue.m in Sources */ = {isa = PBXBuildFile; fileRef = BF8C1D1D173FE9F000F3181E /* ASINetworkQueue.m */; };
		BFD2EB9417429C1500C51FEA /* ASIProgressDelegate.h in Sources */ = {isa = PBXBuildFile; fileRef = BF8C1D1E173FE9F000F3181E /* ASIProgressDelegate.h */; };
/* End PBXBuildFile section */

/* Begin PBXFileReference section */
		BF151B6E1750BD0000EEB9DE /* StatusCell.h */ = {isa = PBXFileReference; fileEncoding = 4; lastKnownFileType = sourcecode.c.h; path = StatusCell.h; sourceTree = "<group>"; };
		BF151B6F1750BD0000EEB9DE /* StatusCell.m */ = {isa = PBXFileReference; fileEncoding = 4; lastKnownFileType = sourcecode.c.objc; path = StatusCell.m; sourceTree = "<group>"; };
		BF151B731751182000EEB9DE /* block_center_background.png */ = {isa = PBXFileReference; lastKnownFileType = image.png; path = block_center_background.png; sourceTree = "<group>"; };
		BF151B7517511ABC00EEB9DE /* StatusCell.xib */ = {isa = PBXFileReference; fileEncoding = 4; lastKnownFileType = file.xib; path = StatusCell.xib; sourceTree = "<group>"; };
		BF1CAB8517410F48007AF3E9 /* TimelineViewController.h */ = {isa = PBXFileReference; fileEncoding = 4; lastKnownFileType = sourcecode.c.h; path = TimelineViewController.h; sourceTree = "<group>"; };
		BF1CAB8617410F48007AF3E9 /* TimelineViewController.m */ = {isa = PBXFileReference; fileEncoding = 4; lastKnownFileType = sourcecode.c.objc; path = TimelineViewController.m; sourceTree = "<group>"; };
		BF21E55117411D6A00B14B9D /* Icon.png */ = {isa = PBXFileReference; lastKnownFileType = image.png; path = Icon.png; sourceTree = "<group>"; };
		BF21E55317411E6600B14B9D /* Icon@2x.png */ = {isa = PBXFileReference; lastKnownFileType = image.png; path = "Icon@2x.png"; sourceTree = "<group>"; };
		BF2FE3DD174138A7003297B0 /* WeiBoHttpManager.h */ = {isa = PBXFileReference; fileEncoding = 4; lastKnownFileType = sourcecode.c.h; path = WeiBoHttpManager.h; sourceTree = "<group>"; };
		BF2FE3DE174138A7003297B0 /* WeiBoHttpManager.m */ = {isa = PBXFileReference; fileEncoding = 4; lastKnownFileType = sourcecode.c.objc; path = WeiBoHttpManager.m; sourceTree = "<group>"; };
		BF3069F6176239F700035150 /* timeline_rt_border_t.png */ = {isa = PBXFileReference; lastKnownFileType = image.png; path = timeline_rt_border_t.png; sourceTree = "<group>"; };
		BF30E9D3174D001A00034FD9 /* Status.h */ = {isa = PBXFileReference; fileEncoding = 4; lastKnownFileType = sourcecode.c.h; path = Status.h; sourceTree = "<group>"; };
		BF30E9D4174D001A00034FD9 /* Status.m */ = {isa = PBXFileReference; fileEncoding = 4; lastKnownFileType = sourcecode.c.objc; path = Status.m; sourceTree = "<group>"; };
		BF3D9C75175127A2001F4F5D /* thumb_avatar.png */ = {isa = PBXFileReference; lastKnownFileType = image.png; path = thumb_avatar.png; sourceTree = "<group>"; };
		BF3D9C771751295C001F4F5D /* block_foot_background.png */ = {isa = PBXFileReference; lastKnownFileType = image.png; path = block_foot_background.png; sourceTree = "<group>"; };
		BF3F1FCF1760C022004413D9 /* ImageRecord.h */ = {isa = PBXFileReference; fileEncoding = 4; lastKnownFileType = sourcecode.c.h; path = ImageRecord.h; sourceTree = "<group>"; };
		BF3F1FD01760C022004413D9 /* ImageRecord.m */ = {isa = PBXFileReference; fileEncoding = 4; lastKnownFileType = sourcecode.c.objc; path = ImageRecord.m; sourceTree = "<group>"; };
		BF3F1FD21760C3C8004413D9 /* ImageDownload.h */ = {isa = PBXFileReference; fileEncoding = 4; lastKnownFileType = sourcecode.c.h; path = ImageDownload.h; sourceTree = "<group>"; };
		BF3F1FD31760C3C8004413D9 /* ImageDownload.m */ = {isa = PBXFileReference; fileEncoding = 4; lastKnownFileType = sourcecode.c.objc; path = ImageDownload.m; sourceTree = "<group>"; };
		BF3F1FD51760CBAE004413D9 /* PendingImageQueue.h */ = {isa = PBXFileReference; fileEncoding = 4; lastKnownFileType = sourcecode.c.h; path = PendingImageQueue.h; sourceTree = "<group>"; };
		BF3F1FD61760CBAE004413D9 /* PendingImageQueue.m */ = {isa = PBXFileReference; fileEncoding = 4; lastKnownFileType = sourcecode.c.objc; path = PendingImageQueue.m; sourceTree = "<group>"; };
		BF59E93F17413149001C0F0A /* Constants.h */ = {isa = PBXFileReference; lastKnownFileType = sourcecode.c.h; path = Constants.h; sourceTree = "<group>"; };
		BF59E9401741336C001C0F0A /* OAuthWebViewController.h */ = {isa = PBXFileReference; fileEncoding = 4; lastKnownFileType = sourcecode.c.h; path = OAuthWebViewController.h; sourceTree = "<group>"; };
		BF59E9411741336C001C0F0A /* OAuthWebViewController.m */ = {isa = PBXFileReference; fileEncoding = 4; lastKnownFileType = sourcecode.c.objc; path = OAuthWebViewController.m; sourceTree = "<group>"; };
		BF59E9421741336C001C0F0A /* OAuthWebViewController.xib */ = {isa = PBXFileReference; fileEncoding = 4; lastKnownFileType = file.xib; path = OAuthWebViewController.xib; sourceTree = "<group>"; };
		BF897C3F17519C38004D387A /* main_background.png */ = {isa = PBXFileReference; lastKnownFileType = image.png; path = main_background.png; sourceTree = "<group>"; };
		BF897C4117523400004D387A /* icon_tag.png */ = {isa = PBXFileReference; lastKnownFileType = image.png; path = icon_tag.png; sourceTree = "<group>"; };
		BF8C1CE1173FDE4200F3181E /* Weibo.app */ = {isa = PBXFileReference; explicitFileType = wrapper.application; includeInIndex = 0; path = Weibo.app; sourceTree = BUILT_PRODUCTS_DIR; };
		BF8C1CE4173FDE4200F3181E /* UIKit.framework */ = {isa = PBXFileReference; lastKnownFileType = wrapper.framework; name = UIKit.framework; path = System/Library/Frameworks/UIKit.framework; sourceTree = SDKROOT; };
		BF8C1CE6173FDE4200F3181E /* Foundation.framework */ = {isa = PBXFileReference; lastKnownFileType = wrapper.framework; name = Foundation.framework; path = System/Library/Frameworks/Foundation.framework; sourceTree = SDKROOT; };
		BF8C1CE8173FDE4200F3181E /* CoreGraphics.framework */ = {isa = PBXFileReference; lastKnownFileType = wrapper.framework; name = CoreGraphics.framework; path = System/Library/Frameworks/CoreGraphics.framework; sourceTree = SDKROOT; };
		BF8C1CEC173FDE4200F3181E /* Weibo-Info.plist */ = {isa = PBXFileReference; lastKnownFileType = text.plist.xml; path = "Weibo-Info.plist"; sourceTree = "<group>"; };
		BF8C1CEE173FDE4200F3181E /* en */ = {isa = PBXFileReference; lastKnownFileType = text.plist.strings; name = en; path = en.lproj/InfoPlist.strings; sourceTree = "<group>"; };
		BF8C1CF0173FDE4200F3181E /* main.m */ = {isa = PBXFileReference; lastKnownFileType = sourcecode.c.objc; path = main.m; sourceTree = "<group>"; };
		BF8C1CF2173FDE4200F3181E /* Weibo-Prefix.pch */ = {isa = PBXFileReference; lastKnownFileType = sourcecode.c.h; path = "Weibo-Prefix.pch"; sourceTree = "<group>"; };
		BF8C1CF3173FDE4200F3181E /* AppDelegate.h */ = {isa = PBXFileReference; lastKnownFileType = sourcecode.c.h; path = AppDelegate.h; sourceTree = "<group>"; };
		BF8C1CF4173FDE4200F3181E /* AppDelegate.m */ = {isa = PBXFileReference; lastKnownFileType = sourcecode.c.objc; path = AppDelegate.m; sourceTree = "<group>"; };
		BF8C1CF6173FDE4200F3181E /* Default.png */ = {isa = PBXFileReference; lastKnownFileType = image.png; name = Default.png; path = Weibo/Default.png; sourceTree = "<group>"; };
		BF8C1CF8173FDE4200F3181E /* Default@2x.png */ = {isa = PBXFileReference; lastKnownFileType = image.png; name = "Default@2x.png"; path = "Weibo/Default@2x.png"; sourceTree = "<group>"; };
		BF8C1CFA173FDE4200F3181E /* Default-568h@2x.png */ = {isa = PBXFileReference; lastKnownFileType = image.png; name = "Default-568h@2x.png"; path = "Weibo/Default-568h@2x.png"; sourceTree = "<group>"; };
		BF8C1D08173FE9C400F3181E /* StringUtil.h */ = {isa = PBXFileReference; lastKnownFileType = sourcecode.c.h; path = StringUtil.h; sourceTree = "<group>"; };
		BF8C1D09173FE9C400F3181E /* StringUtil.m */ = {isa = PBXFileReference; lastKnownFileType = sourcecode.c.objc; path = StringUtil.m; sourceTree = "<group>"; };
		BF8C1D0B173FE9F000F3181E /* ASIAuthenticationDialog.h */ = {isa = PBXFileReference; lastKnownFileType = sourcecode.c.h; path = ASIAuthenticationDialog.h; sourceTree = "<group>"; };
		BF8C1D0C173FE9F000F3181E /* ASIAuthenticationDialog.m */ = {isa = PBXFileReference; lastKnownFileType = sourcecode.c.objc; path = ASIAuthenticationDialog.m; sourceTree = "<group>"; };
		BF8C1D0D173FE9F000F3181E /* ASICacheDelegate.h */ = {isa = PBXFileReference; lastKnownFileType = sourcecode.c.h; path = ASICacheDelegate.h; sourceTree = "<group>"; };
		BF8C1D0E173FE9F000F3181E /* ASIDataCompressor.h */ = {isa = PBXFileReference; lastKnownFileType = sourcecode.c.h; path = ASIDataCompressor.h; sourceTree = "<group>"; };
		BF8C1D0F173FE9F000F3181E /* ASIDataCompressor.m */ = {isa = PBXFileReference; lastKnownFileType = sourcecode.c.objc; path = ASIDataCompressor.m; sourceTree = "<group>"; };
		BF8C1D10173FE9F000F3181E /* ASIDataDecompressor.h */ = {isa = PBXFileReference; lastKnownFileType = sourcecode.c.h; path = ASIDataDecompressor.h; sourceTree = "<group>"; };
		BF8C1D11173FE9F000F3181E /* ASIDataDecompressor.m */ = {isa = PBXFileReference; lastKnownFileType = sourcecode.c.objc; path = ASIDataDecompressor.m; sourceTree = "<group>"; };
		BF8C1D12173FE9F000F3181E /* ASIDownloadCache.h */ = {isa = PBXFileReference; lastKnownFileType = sourcecode.c.h; path = ASIDownloadCache.h; sourceTree = "<group>"; };
		BF8C1D13173FE9F000F3181E /* ASIDownloadCache.m */ = {isa = PBXFileReference; lastKnownFileType = sourcecode.c.objc; path = ASIDownloadCache.m; sourceTree = "<group>"; };
		BF8C1D14173FE9F000F3181E /* ASIFormDataRequest.h */ = {isa = PBXFileReference; lastKnownFileType = sourcecode.c.h; path = ASIFormDataRequest.h; sourceTree = "<group>"; };
		BF8C1D15173FE9F000F3181E /* ASIFormDataRequest.m */ = {isa = PBXFileReference; lastKnownFileType = sourcecode.c.objc; path = ASIFormDataRequest.m; sourceTree = "<group>"; };
		BF8C1D16173FE9F000F3181E /* ASIHTTPRequest.h */ = {isa = PBXFileReference; lastKnownFileType = sourcecode.c.h; path = ASIHTTPRequest.h; sourceTree = "<group>"; };
		BF8C1D17173FE9F000F3181E /* ASIHTTPRequest.m */ = {isa = PBXFileReference; lastKnownFileType = sourcecode.c.objc; path = ASIHTTPRequest.m; sourceTree = "<group>"; };
		BF8C1D18173FE9F000F3181E /* ASIHTTPRequestConfig.h */ = {isa = PBXFileReference; lastKnownFileType = sourcecode.c.h; path = ASIHTTPRequestConfig.h; sourceTree = "<group>"; };
		BF8C1D19173FE9F000F3181E /* ASIHTTPRequestDelegate.h */ = {isa = PBXFileReference; lastKnownFileType = sourcecode.c.h; path = ASIHTTPRequestDelegate.h; sourceTree = "<group>"; };
		BF8C1D1A173FE9F000F3181E /* ASIInputStream.h */ = {isa = PBXFileReference; lastKnownFileType = sourcecode.c.h; path = ASIInputStream.h; sourceTree = "<group>"; };
		BF8C1D1B173FE9F000F3181E /* ASIInputStream.m */ = {isa = PBXFileReference; lastKnownFileType = sourcecode.c.objc; path = ASIInputStream.m; sourceTree = "<group>"; };
		BF8C1D1C173FE9F000F3181E /* ASINetworkQueue.h */ = {isa = PBXFileReference; lastKnownFileType = sourcecode.c.h; path = ASINetworkQueue.h; sourceTree = "<group>"; };
		BF8C1D1D173FE9F000F3181E /* ASINetworkQueue.m */ = {isa = PBXFileReference; lastKnownFileType = sourcecode.c.objc; path = ASINetworkQueue.m; sourceTree = "<group>"; };
		BF8C1D1E173FE9F000F3181E /* ASIProgressDelegate.h */ = {isa = PBXFileReference; lastKnownFileType = sourcecode.c.h; path = ASIProgressDelegate.h; sourceTree = "<group>"; };
		BF8C1D20173FEA0B00F3181E /* Reachability.h */ = {isa = PBXFileReference; lastKnownFileType = sourcecode.c.h; path = Reachability.h; sourceTree = "<group>"; };
		BF8C1D21173FEA0B00F3181E /* Reachability.m */ = {isa = PBXFileReference; lastKnownFileType = sourcecode.c.objc; path = Reachability.m; sourceTree = "<group>"; };
		BF8C1D23173FEA2800F3181E /* NSDataAdditions.h */ = {isa = PBXFileReference; lastKnownFileType = sourcecode.c.h; path = NSDataAdditions.h; sourceTree = "<group>"; };
		BF8C1D24173FEA2800F3181E /* NSDataAdditions.m */ = {isa = PBXFileReference; lastKnownFileType = sourcecode.c.objc; path = NSDataAdditions.m; sourceTree = "<group>"; };
		BF8C1D25173FEA2800F3181E /* NSDictionaryAdditions.h */ = {isa = PBXFileReference; lastKnownFileType = sourcecode.c.h; path = NSDictionaryAdditions.h; sourceTree = "<group>"; };
		BF8C1D26173FEA2800F3181E /* NSDictionaryAdditions.m */ = {isa = PBXFileReference; lastKnownFileType = sourcecode.c.objc; path = NSDictionaryAdditions.m; sourceTree = "<group>"; };
		BF8C1D27173FEA2800F3181E /* NSStringAdditions.h */ = {isa = PBXFileReference; lastKnownFileType = sourcecode.c.h; path = NSStringAdditions.h; sourceTree = "<group>"; };
		BF8C1D28173FEA2800F3181E /* NSStringAdditions.m */ = {isa = PBXFileReference; lastKnownFileType = sourcecode.c.objc; path = NSStringAdditions.m; sourceTree = "<group>"; };
		BF8C1D2A173FEA4000F3181E /* JSON.h */ = {isa = PBXFileReference; lastKnownFileType = sourcecode.c.h; path = JSON.h; sourceTree = "<group>"; };
		BF8C1D2B173FEA4000F3181E /* NSObject+SBJSON.h */ = {isa = PBXFileReference; lastKnownFileType = sourcecode.c.h; path = "NSObject+SBJSON.h"; sourceTree = "<group>"; };
		BF8C1D2C173FEA4000F3181E /* NSObject+SBJSON.m */ = {isa = PBXFileReference; lastKnownFileType = sourcecode.c.objc; path = "NSObject+SBJSON.m"; sourceTree = "<group>"; };
		BF8C1D2D173FEA4000F3181E /* NSString+SBJSON.h */ = {isa = PBXFileReference; lastKnownFileType = sourcecode.c.h; path = "NSString+SBJSON.h"; sourceTree = "<group>"; };
		BF8C1D2E173FEA4000F3181E /* NSString+SBJSON.m */ = {isa = PBXFileReference; lastKnownFileType = sourcecode.c.objc; path = "NSString+SBJSON.m"; sourceTree = "<group>"; };
		BF8C1D2F173FEA4000F3181E /* SBJsonBase.h */ = {isa = PBXFileReference; lastKnownFileType = sourcecode.c.h; path = SBJsonBase.h; sourceTree = "<group>"; };
		BF8C1D30173FEA4000F3181E /* SBJsonBase.m */ = {isa = PBXFileReference; lastKnownFileType = sourcecode.c.objc; path = SBJsonBase.m; sourceTree = "<group>"; };
		BF8C1D31173FEA4000F3181E /* SBJsonParser.h */ = {isa = PBXFileReference; lastKnownFileType = sourcecode.c.h; path = SBJsonParser.h; sourceTree = "<group>"; };
		BF8C1D32173FEA4000F3181E /* SBJsonParser.m */ = {isa = PBXFileReference; lastKnownFileType = sourcecode.c.objc; path = SBJsonParser.m; sourceTree = "<group>"; };
		BF8C1D33173FEA4000F3181E /* SBJsonWriter.h */ = {isa = PBXFileReference; lastKnownFileType = sourcecode.c.h; path = SBJsonWriter.h; sourceTree = "<group>"; };
		BF8C1D34173FEA4000F3181E /* SBJsonWriter.m */ = {isa = PBXFileReference; lastKnownFileType = sourcecode.c.objc; path = SBJsonWriter.m; sourceTree = "<group>"; };
		BF8D834B17539DE100C873D2 /* WeiBoHttpManagerDelegate.h */ = {isa = PBXFileReference; lastKnownFileType = sourcecode.c.h; path = WeiBoHttpManagerDelegate.h; sourceTree = "<group>"; };
		BF8D834C1753C54200C873D2 /* txt */ = {isa = PBXFileReference; fileEncoding = 4; lastKnownFileType = text; path = txt; sourceTree = "<group>"; };
		BFD2EB6B174299AB00C51FEA /* CFNetwork.framework */ = {isa = PBXFileReference; lastKnownFileType = wrapper.framework; name = CFNetwork.framework; path = System/Library/Frameworks/CFNetwork.framework; sourceTree = SDKROOT; };
		BFD2EB6D17429A6000C51FEA /* libz.1.2.5.dylib */ = {isa = PBXFileReference; lastKnownFileType = "compiled.mach-o.dylib"; name = libz.1.2.5.dylib; path = usr/lib/libz.1.2.5.dylib; sourceTree = SDKROOT; };
		BFD2EB6F17429AA100C51FEA /* QuartzCore.framework */ = {isa = PBXFileReference; lastKnownFileType = wrapper.framework; name = QuartzCore.framework; path = System/Library/Frameworks/QuartzCore.framework; sourceTree = SDKROOT; };
		BFD2EB7117429AB100C51FEA /* libicucore.dylib */ = {isa = PBXFileReference; lastKnownFileType = "compiled.mach-o.dylib"; name = libicucore.dylib; path = usr/lib/libicucore.dylib; sourceTree = SDKROOT; };
		BFD2EB7317429ACB00C51FEA /* libsqlite3.dylib */ = {isa = PBXFileReference; lastKnownFileType = "compiled.mach-o.dylib"; name = libsqlite3.dylib; path = usr/lib/libsqlite3.dylib; sourceTree = SDKROOT; };
		BFD2EB7517429ADC00C51FEA /* MessageUI.framework */ = {isa = PBXFileReference; lastKnownFileType = wrapper.framework; name = MessageUI.framework; path = System/Library/Frameworks/MessageUI.framework; sourceTree = SDKROOT; };
		BFD2EB7717429AEE00C51FEA /* SystemConfiguration.framework */ = {isa = PBXFileReference; lastKnownFileType = wrapper.framework; name = SystemConfiguration.framework; path = System/Library/Frameworks/SystemConfiguration.framework; sourceTree = SDKROOT; };
		BFD2EB7917429AFB00C51FEA /* Security.framework */ = {isa = PBXFileReference; lastKnownFileType = wrapper.framework; name = Security.framework; path = System/Library/Frameworks/Security.framework; sourceTree = SDKROOT; };
		BFD2EB7B17429B0600C51FEA /* MobileCoreServices.framework */ = {isa = PBXFileReference; lastKnownFileType = wrapper.framework; name = MobileCoreServices.framework; path = System/Library/Frameworks/MobileCoreServices.framework; sourceTree = SDKROOT; };
		BFD2EB7D17429B2900C51FEA /* libz.dylib */ = {isa = PBXFileReference; lastKnownFileType = "compiled.mach-o.dylib"; name = libz.dylib; path = usr/lib/libz.dylib; sourceTree = SDKROOT; };
/* End PBXFileReference section */

/* Begin PBXFrameworksBuildPhase section */
		BF8C1CDE173FDE4200F3181E /* Frameworks */ = {
			isa = PBXFrameworksBuildPhase;
			buildActionMask = 2147483647;
			files = (
				BFD2EB7E17429B2900C51FEA /* libz.dylib in Frameworks */,
				BFD2EB7C17429B0600C51FEA /* MobileCoreServices.framework in Frameworks */,
				BFD2EB7A17429AFB00C51FEA /* Security.framework in Frameworks */,
				BFD2EB7817429AEE00C51FEA /* SystemConfiguration.framework in Frameworks */,
				BFD2EB7617429ADC00C51FEA /* MessageUI.framework in Frameworks */,
				BFD2EB7417429ACB00C51FEA /* libsqlite3.dylib in Frameworks */,
				BFD2EB7217429AB100C51FEA /* libicucore.dylib in Frameworks */,
				BFD2EB7017429AA100C51FEA /* QuartzCore.framework in Frameworks */,
				BFD2EB6C174299AB00C51FEA /* CFNetwork.framework in Frameworks */,
				BF8C1CE5173FDE4200F3181E /* UIKit.framework in Frameworks */,
				BF8C1CE7173FDE4200F3181E /* Foundation.framework in Frameworks */,
				BF8C1CE9173FDE4200F3181E /* CoreGraphics.framework in Frameworks */,
			);
			runOnlyForDeploymentPostprocessing = 0;
		};
/* End PBXFrameworksBuildPhase section */

/* Begin PBXGroup section */
		BF0DD135175A17C0008A2A5B /* Images */ = {
			isa = PBXGroup;
			children = (
				BF3069F6176239F700035150 /* timeline_rt_border_t.png */,
				BF8C1CF6173FDE4200F3181E /* Default.png */,
				BF8C1CF8173FDE4200F3181E /* Default@2x.png */,
				BF8C1CFA173FDE4200F3181E /* Default-568h@2x.png */,
				BF897C4117523400004D387A /* icon_tag.png */,
				BF897C3F17519C38004D387A /* main_background.png */,
				BF3D9C771751295C001F4F5D /* block_foot_background.png */,
				BF3D9C75175127A2001F4F5D /* thumb_avatar.png */,
				BF151B731751182000EEB9DE /* block_center_background.png */,
				BF21E55317411E6600B14B9D /* Icon@2x.png */,
				BF21E55117411D6A00B14B9D /* Icon.png */,
			);
			name = Images;
			sourceTree = "<group>";
		};
		BF30E9D2174D000500034FD9 /* Model */ = {
			isa = PBXGroup;
			children = (
				BF30E9D3174D001A00034FD9 /* Status.h */,
				BF30E9D4174D001A00034FD9 /* Status.m */,
			);
			name = Model;
			sourceTree = "<group>";
		};
		BF3F1FCE1760BF6F004413D9 /* ImageLoader */ = {
			isa = PBXGroup;
			children = (
				BF3F1FCF1760C022004413D9 /* ImageRecord.h */,
				BF3F1FD01760C022004413D9 /* ImageRecord.m */,
				BF3F1FD21760C3C8004413D9 /* ImageDownload.h */,
				BF3F1FD31760C3C8004413D9 /* ImageDownload.m */,
				BF3F1FD51760CBAE004413D9 /* PendingImageQueue.h */,
				BF3F1FD61760CBAE004413D9 /* PendingImageQueue.m */,
			);
			name = ImageLoader;
			sourceTree = "<group>";
		};
		BF8C1CD8173FDE4200F3181E = {
			isa = PBXGroup;
			children = (
				BF3F1FCE1760BF6F004413D9 /* ImageLoader */,
				BF0DD135175A17C0008A2A5B /* Images */,
				BF8D834C1753C54200C873D2 /* txt */,
				BF8D834B17539DE100C873D2 /* WeiBoHttpManagerDelegate.h */,
				BF151B7517511ABC00EEB9DE /* StatusCell.xib */,
				BF151B6E1750BD0000EEB9DE /* StatusCell.h */,
				BF151B6F1750BD0000EEB9DE /* StatusCell.m */,
				BF30E9D2174D000500034FD9 /* Model */,
				BF2FE3DD174138A7003297B0 /* WeiBoHttpManager.h */,
				BF2FE3DE174138A7003297B0 /* WeiBoHttpManager.m */,
				BF59E93F17413149001C0F0A /* Constants.h */,
				BF8C1D07173FE9AC00F3181E /* OpenSource */,
				BF8C1D06173FDF7400F3181E /* ViewController */,
				BF8C1CEA173FDE4200F3181E /* Weibo */,
				BF8C1CE3173FDE4200F3181E /* Frameworks */,
				BF8C1CE2173FDE4200F3181E /* Products */,
			);
			sourceTree = "<group>";
		};
		BF8C1CE2173FDE4200F3181E /* Products */ = {
			isa = PBXGroup;
			children = (
				BF8C1CE1173FDE4200F3181E /* Weibo.app */,
			);
			name = Products;
			sourceTree = "<group>";
		};
		BF8C1CE3173FDE4200F3181E /* Frameworks */ = {
			isa = PBXGroup;
			children = (
				BFD2EB6F17429AA100C51FEA /* QuartzCore.framework */,
				BFD2EB7D17429B2900C51FEA /* libz.dylib */,
				BFD2EB7B17429B0600C51FEA /* MobileCoreServices.framework */,
				BFD2EB7917429AFB00C51FEA /* Security.framework */,
				BFD2EB7717429AEE00C51FEA /* SystemConfiguration.framework */,
				BFD2EB7517429ADC00C51FEA /* MessageUI.framework */,
				BFD2EB7317429ACB00C51FEA /* libsqlite3.dylib */,
				BFD2EB7117429AB100C51FEA /* libicucore.dylib */,
				BFD2EB6D17429A6000C51FEA /* libz.1.2.5.dylib */,
				BFD2EB6B174299AB00C51FEA /* CFNetwork.framework */,
				BF8C1CE4173FDE4200F3181E /* UIKit.framework */,
				BF8C1CE6173FDE4200F3181E /* Foundation.framework */,
				BF8C1CE8173FDE4200F3181E /* CoreGraphics.framework */,
			);
			name = Frameworks;
			sourceTree = "<group>";
		};
		BF8C1CEA173FDE4200F3181E /* Weibo */ = {
			isa = PBXGroup;
			children = (
				BF8C1CF3173FDE4200F3181E /* AppDelegate.h */,
				BF8C1CF4173FDE4200F3181E /* AppDelegate.m */,
				BF8C1CEB173FDE4200F3181E /* Supporting Files */,
			);
			path = Weibo;
			sourceTree = "<group>";
		};
		BF8C1CEB173FDE4200F3181E /* Supporting Files */ = {
			isa = PBXGroup;
			children = (
				BF8C1CEC173FDE4200F3181E /* Weibo-Info.plist */,
				BF8C1CED173FDE4200F3181E /* InfoPlist.strings */,
				BF8C1CF0173FDE4200F3181E /* main.m */,
				BF8C1CF2173FDE4200F3181E /* Weibo-Prefix.pch */,
			);
			name = "Supporting Files";
			sourceTree = "<group>";
		};
		BF8C1D06173FDF7400F3181E /* ViewController */ = {
			isa = PBXGroup;
			children = (
				BF1CAB8517410F48007AF3E9 /* TimelineViewController.h */,
				BF1CAB8617410F48007AF3E9 /* TimelineViewController.m */,
				BF59E9401741336C001C0F0A /* OAuthWebViewController.h */,
				BF59E9411741336C001C0F0A /* OAuthWebViewController.m */,
				BF59E9421741336C001C0F0A /* OAuthWebViewController.xib */,
			);
			name = ViewController;
			sourceTree = "<group>";
		};
		BF8C1D07173FE9AC00F3181E /* OpenSource */ = {
			isa = PBXGroup;
			children = (
				BF8C1D29173FEA3400F3181E /* Json */,
				BF8C1D22173FEA1F00F3181E /* Additions */,
				BF8C1D0A173FE9DC00F3181E /* ASIHttpRequest */,
				BF8C1D08173FE9C400F3181E /* StringUtil.h */,
				BF8C1D09173FE9C400F3181E /* StringUtil.m */,
			);
			name = OpenSource;
			sourceTree = "<group>";
		};
		BF8C1D0A173FE9DC00F3181E /* ASIHttpRequest */ = {
			isa = PBXGroup;
			children = (
				BF8C1D1F173FE9FF00F3181E /* Reachability */,
				BF8C1D0B173FE9F000F3181E /* ASIAuthenticationDialog.h */,
				BF8C1D0C173FE9F000F3181E /* ASIAuthenticationDialog.m */,
				BF8C1D0D173FE9F000F3181E /* ASICacheDelegate.h */,
				BF8C1D0E173FE9F000F3181E /* ASIDataCompressor.h */,
				BF8C1D0F173FE9F000F3181E /* ASIDataCompressor.m */,
				BF8C1D10173FE9F000F3181E /* ASIDataDecompressor.h */,
				BF8C1D11173FE9F000F3181E /* ASIDataDecompressor.m */,
				BF8C1D12173FE9F000F3181E /* ASIDownloadCache.h */,
				BF8C1D13173FE9F000F3181E /* ASIDownloadCache.m */,
				BF8C1D14173FE9F000F3181E /* ASIFormDataRequest.h */,
				BF8C1D15173FE9F000F3181E /* ASIFormDataRequest.m */,
				BF8C1D16173FE9F000F3181E /* ASIHTTPRequest.h */,
				BF8C1D17173FE9F000F3181E /* ASIHTTPRequest.m */,
				BF8C1D18173FE9F000F3181E /* ASIHTTPRequestConfig.h */,
				BF8C1D19173FE9F000F3181E /* ASIHTTPRequestDelegate.h */,
				BF8C1D1A173FE9F000F3181E /* ASIInputStream.h */,
				BF8C1D1B173FE9F000F3181E /* ASIInputStream.m */,
				BF8C1D1C173FE9F000F3181E /* ASINetworkQueue.h */,
				BF8C1D1D173FE9F000F3181E /* ASINetworkQueue.m */,
				BF8C1D1E173FE9F000F3181E /* ASIProgressDelegate.h */,
			);
			name = ASIHttpRequest;
			sourceTree = "<group>";
		};
		BF8C1D1F173FE9FF00F3181E /* Reachability */ = {
			isa = PBXGroup;
			children = (
				BF8C1D20173FEA0B00F3181E /* Reachability.h */,
				BF8C1D21173FEA0B00F3181E /* Reachability.m */,
			);
			name = Reachability;
			sourceTree = "<group>";
		};
		BF8C1D22173FEA1F00F3181E /* Additions */ = {
			isa = PBXGroup;
			children = (
				BF8C1D23173FEA2800F3181E /* NSDataAdditions.h */,
				BF8C1D24173FEA2800F3181E /* NSDataAdditions.m */,
				BF8C1D25173FEA2800F3181E /* NSDictionaryAdditions.h */,
				BF8C1D26173FEA2800F3181E /* NSDictionaryAdditions.m */,
				BF8C1D27173FEA2800F3181E /* NSStringAdditions.h */,
				BF8C1D28173FEA2800F3181E /* NSStringAdditions.m */,
			);
			name = Additions;
			sourceTree = "<group>";
		};
		BF8C1D29173FEA3400F3181E /* Json */ = {
			isa = PBXGroup;
			children = (
				BF8C1D2A173FEA4000F3181E /* JSON.h */,
				BF8C1D2B173FEA4000F3181E /* NSObject+SBJSON.h */,
				BF8C1D2C173FEA4000F3181E /* NSObject+SBJSON.m */,
				BF8C1D2D173FEA4000F3181E /* NSString+SBJSON.h */,
				BF8C1D2E173FEA4000F3181E /* NSString+SBJSON.m */,
				BF8C1D2F173FEA4000F3181E /* SBJsonBase.h */,
				BF8C1D30173FEA4000F3181E /* SBJsonBase.m */,
				BF8C1D31173FEA4000F3181E /* SBJsonParser.h */,
				BF8C1D32173FEA4000F3181E /* SBJsonParser.m */,
				BF8C1D33173FEA4000F3181E /* SBJsonWriter.h */,
				BF8C1D34173FEA4000F3181E /* SBJsonWriter.m */,
			);
			name = Json;
			sourceTree = "<group>";
		};
/* End PBXGroup section */

/* Begin PBXNativeTarget section */
		BF8C1CE0173FDE4200F3181E /* Weibo */ = {
			isa = PBXNativeTarget;
			buildConfigurationList = BF8C1CFE173FDE4200F3181E /* Build configuration list for PBXNativeTarget "Weibo" */;
			buildPhases = (
				BF8C1CDD173FDE4200F3181E /* Sources */,
				BF8C1CDE173FDE4200F3181E /* Frameworks */,
				BF8C1CDF173FDE4200F3181E /* Resources */,
			);
			buildRules = (
			);
			dependencies = (
			);
			name = Weibo;
			productName = Weibo;
			productReference = BF8C1CE1173FDE4200F3181E /* Weibo.app */;
			productType = "com.apple.product-type.application";
		};
/* End PBXNativeTarget section */

/* Begin PBXProject section */
		BF8C1CD9173FDE4200F3181E /* Project object */ = {
			isa = PBXProject;
			attributes = {
				LastUpgradeCheck = 0460;
				ORGANIZATIONNAME = super;
			};
			buildConfigurationList = BF8C1CDC173FDE4200F3181E /* Build configuration list for PBXProject "Weibo" */;
			compatibilityVersion = "Xcode 3.2";
			developmentRegion = English;
			hasScannedForEncodings = 0;
			knownRegions = (
				en,
			);
			mainGroup = BF8C1CD8173FDE4200F3181E;
			productRefGroup = BF8C1CE2173FDE4200F3181E /* Products */;
			projectDirPath = "";
			projectRoot = "";
			targets = (
				BF8C1CE0173FDE4200F3181E /* Weibo */,
			);
		};
/* End PBXProject section */

/* Begin PBXResourcesBuildPhase section */
		BF8C1CDF173FDE4200F3181E /* Resources */ = {
			isa = PBXResourcesBuildPhase;
			buildActionMask = 2147483647;
			files = (
				BF8C1CEF173FDE4200F3181E /* InfoPlist.strings in Resources */,
				BF8C1CF7173FDE4200F3181E /* Default.png in Resources */,
				BF8C1CF9173FDE4200F3181E /* Default@2x.png in Resources */,
				BF8C1CFB173FDE4200F3181E /* Default-568h@2x.png in Resources */,
				BF21E55217411D6A00B14B9D /* Icon.png in Resources */,
				BF21E55417411E6600B14B9D /* Icon@2x.png in Resources */,
				BF59E9441741336C001C0F0A /* OAuthWebViewController.xib in Resources */,
				BF151B741751182000EEB9DE /* block_center_background.png in Resources */,
				BF151B7617511ABC00EEB9DE /* StatusCell.xib in Resources */,
				BF3D9C76175127A2001F4F5D /* thumb_avatar.png in Resources */,
				BF3D9C781751295C001F4F5D /* block_foot_background.png in Resources */,
				BF897C4017519C38004D387A /* main_background.png in Resources */,
				BF897C4217523400004D387A /* icon_tag.png in Resources */,
				BF8D834D1753C54200C873D2 /* txt in Resources */,
				BF3069F7176239F700035150 /* timeline_rt_border_t.png in Resources */,
			);
			runOnlyForDeploymentPostprocessing = 0;
		};
/* End PBXResourcesBuildPhase section */

/* Begin PBXSourcesBuildPhase section */
		BF8C1CDD173FDE4200F3181E /* Sources */ = {
			isa = PBXSourcesBuildPhase;
			buildActionMask = 2147483647;
			files = (
				BFCA26FD174A80290060C0ED /* JSON.h in Sources */,
				BFCA26FE174A80290060C0ED /* NSObject+SBJSON.h in Sources */,
				BFCA26FF174A80290060C0ED /* NSObject+SBJSON.m in Sources */,
				BFCA2700174A80290060C0ED /* NSString+SBJSON.h in Sources */,
				BFCA2701174A80290060C0ED /* NSString+SBJSON.m in Sources */,
				BFCA2702174A80290060C0ED /* SBJsonBase.m in Sources */,
				BFCA2703174A80290060C0ED /* SBJsonParser.m in Sources */,
				BFCA2704174A80290060C0ED /* SBJsonWriter.m in Sources */,
				BFCA26FA174A80170060C0ED /* SBJsonBase.h in Sources */,
				BFCA26FB174A80170060C0ED /* SBJsonParser.h in Sources */,
				BFCA26FC174A80170060C0ED /* SBJsonWriter.h in Sources */,
				BFD2EB7F17429C1500C51FEA /* Reachability.h in Sources */,
				BFD2EB8017429C1500C51FEA /* Reachability.m in Sources */,
				BFD2EB8117429C1500C51FEA /* ASIAuthenticationDialog.h in Sources */,
				BFD2EB8217429C1500C51FEA /* ASIAuthenticationDialog.m in Sources */,
				BFD2EB8317429C1500C51FEA /* ASICacheDelegate.h in Sources */,
				BFD2EB8417429C1500C51FEA /* ASIDataCompressor.h in Sources */,
				BFD2EB8517429C1500C51FEA /* ASIDataCompressor.m in Sources */,
				BFD2EB8617429C1500C51FEA /* ASIDataDecompressor.h in Sources */,
				BFD2EB8717429C1500C51FEA /* ASIDataDecompressor.m in Sources */,
				BFD2EB8817429C1500C51FEA /* ASIDownloadCache.h in Sources */,
				BFD2EB8917429C1500C51FEA /* ASIDownloadCache.m in Sources */,
				BFD2EB8A17429C1500C51FEA /* ASIFormDataRequest.h in Sources */,
				BFD2EB8B17429C1500C51FEA /* ASIFormDataRequest.m in Sources */,
				BFD2EB8C17429C1500C51FEA /* ASIHTTPRequest.h in Sources */,
				BFD2EB8D17429C1500C51FEA /* ASIHTTPRequest.m in Sources */,
				BFD2EB8E17429C1500C51FEA /* ASIHTTPRequestConfig.h in Sources */,
				BFD2EB8F17429C1500C51FEA /* ASIHTTPRequestDelegate.h in Sources */,
				BFD2EB9017429C1500C51FEA /* ASIInputStream.h in Sources */,
				BFD2EB9117429C1500C51FEA /* ASIInputStream.m in Sources */,
				BFD2EB9217429C1500C51FEA /* ASINetworkQueue.h in Sources */,
				BFD2EB9317429C1500C51FEA /* ASINetworkQueue.m in Sources */,
				BFD2EB9417429C1500C51FEA /* ASIProgressDelegate.h in Sources */,
				BF8C1CF1173FDE4200F3181E /* main.m in Sources */,
				BF8C1CF5173FDE4200F3181E /* AppDelegate.m in Sources */,
				BF1CAB8717410F48007AF3E9 /* TimelineViewController.m in Sources */,
				BF59E9431741336C001C0F0A /* OAuthWebViewController.m in Sources */,
				BF2FE3DF174138A7003297B0 /* WeiBoHttpManager.m in Sources */,
				BF30E9D5174D001A00034FD9 /* Status.m in Sources */,
				BF151B701750BD0000EEB9DE /* StatusCell.m in Sources */,
				BF3F1FD11760C022004413D9 /* ImageRecord.m in Sources */,
				BF3F1FD41760C3C8004413D9 /* ImageDownload.m in Sources */,
				BF3F1FD71760CBAE004413D9 /* PendingImageQueue.m in Sources */,
			);
			runOnlyForDeploymentPostprocessing = 0;
		};
/* End PBXSourcesBuildPhase section */

/* Begin PBXVariantGroup section */
		BF8C1CED173FDE4200F3181E /* InfoPlist.strings */ = {
			isa = PBXVariantGroup;
			children = (
				BF8C1CEE173FDE4200F3181E /* en */,
			);
			name = InfoPlist.strings;
			sourceTree = "<group>";
		};
/* End PBXVariantGroup section */

/* Begin XCBuildConfiguration section */
		BF8C1CFC173FDE4200F3181E /* Debug */ = {
			isa = XCBuildConfiguration;
			buildSettings = {
				ALWAYS_SEARCH_USER_PATHS = NO;
				CLANG_CXX_LANGUAGE_STANDARD = "gnu++0x";
				CLANG_CXX_LIBRARY = "libc++";
				CLANG_WARN_CONSTANT_CONVERSION = YES;
				CLANG_WARN_EMPTY_BODY = YES;
				CLANG_WARN_ENUM_CONVERSION = YES;
				CLANG_WARN_INT_CONVERSION = YES;
				CLANG_WARN__DUPLICATE_METHOD_MATCH = YES;
				"CODE_SIGN_IDENTITY[sdk=iphoneos*]" = "iPhone Developer";
				COPY_PHASE_STRIP = NO;
				GCC_C_LANGUAGE_STANDARD = gnu99;
				GCC_DYNAMIC_NO_PIC = NO;
				GCC_OPTIMIZATION_LEVEL = 0;
				GCC_PREPROCESSOR_DEFINITIONS = (
					"DEBUG=1",
					"$(inherited)",
				);
				GCC_SYMBOLS_PRIVATE_EXTERN = NO;
				GCC_WARN_ABOUT_RETURN_TYPE = YES;
				GCC_WARN_UNINITIALIZED_AUTOS = YES;
				GCC_WARN_UNUSED_VARIABLE = YES;
				IPHONEOS_DEPLOYMENT_TARGET = 6.1;
				ONLY_ACTIVE_ARCH = YES;
				SDKROOT = iphoneos;
			};
			name = Debug;
		};
		BF8C1CFD173FDE4200F3181E /* Release */ = {
			isa = XCBuildConfiguration;
			buildSettings = {
				ALWAYS_SEARCH_USER_PATHS = NO;
				CLANG_CXX_LANGUAGE_STANDARD = "gnu++0x";
				CLANG_CXX_LIBRARY = "libc++";
				CLANG_WARN_CONSTANT_CONVERSION = YES;
				CLANG_WARN_EMPTY_BODY = YES;
				CLANG_WARN_ENUM_CONVERSION = YES;
				CLANG_WARN_INT_CONVERSION = YES;
				CLANG_WARN__DUPLICATE_METHOD_MATCH = YES;
				"CODE_SIGN_IDENTITY[sdk=iphoneos*]" = "iPhone Developer";
				COPY_PHASE_STRIP = YES;
				GCC_C_LANGUAGE_STANDARD = gnu99;
				GCC_WARN_ABOUT_RETURN_TYPE = YES;
				GCC_WARN_UNINITIALIZED_AUTOS = YES;
				GCC_WARN_UNUSED_VARIABLE = YES;
				IPHONEOS_DEPLOYMENT_TARGET = 6.1;
				OTHER_CFLAGS = "-DNS_BLOCK_ASSERTIONS=1";
				SDKROOT = iphoneos;
				VALIDATE_PRODUCT = YES;
			};
			name = Release;
		};
		BF8C1CFF173FDE4200F3181E /* Debug */ = {
			isa = XCBuildConfiguration;
			buildSettings = {
				GCC_PRECOMPILE_PREFIX_HEADER = YES;
				GCC_PREFIX_HEADER = "Weibo/Weibo-Prefix.pch";
				INFOPLIST_FILE = "Weibo/Weibo-Info.plist";
				PRODUCT_NAME = "$(TARGET_NAME)";
				WRAPPER_EXTENSION = app;
			};
			name = Debug;
		};
		BF8C1D00173FDE4200F3181E /* Release */ = {
			isa = XCBuildConfiguration;
			buildSettings = {
				GCC_PRECOMPILE_PREFIX_HEADER = YES;
				GCC_PREFIX_HEADER = "Weibo/Weibo-Prefix.pch";
				INFOPLIST_FILE = "Weibo/Weibo-Info.plist";
				PRODUCT_NAME = "$(TARGET_NAME)";
				WRAPPER_EXTENSION = app;
			};
			name = Release;
		};
/* End XCBuildConfiguration section */

/* Begin XCConfigurationList section */
		BF8C1CDC173FDE4200F3181E /* Build configuration list for PBXProject "Weibo" */ = {
			isa = XCConfigurationList;
			buildConfigurations = (
				BF8C1CFC173FDE4200F3181E /* Debug */,
				BF8C1CFD173FDE4200F3181E /* Release */,
			);
			defaultConfigurationIsVisible = 0;
			defaultConfigurationName = Release;
		};
		BF8C1CFE173FDE4200F3181E /* Build configuration list for PBXNativeTarget "Weibo" */ = {
			isa = XCConfigurationList;
			buildConfigurations = (
				BF8C1CFF173FDE4200F3181E /* Debug */,
				BF8C1D00173FDE4200F3181E /* Release */,
			);
			defaultConfigurationIsVisible = 0;
			defaultConfigurationName = Release;
		};
/* End XCConfigurationList section */
	};
	rootObject = BF8C1CD9173FDE4200F3181E /* Project object */;
}
